<?xml version="1.0" encoding="utf-8"?>
<Project ToolsVersion="4.0" xmlns="http://schemas.microsoft.com/developer/msbuild/2003">
  <ItemGroup>
    <Filter Include="Source Files">
      <UniqueIdentifier>{4FC737F1-C7A5-4376-A066-2A32D752A2FF}</UniqueIdentifier>
      <Extensions>cpp;c;cxx;def;odl;idl;hpj;bat;asm;asmx</Extensions>
    </Filter>
    <Filter Include="Header Files">
      <UniqueIdentifier>{93995380-89BD-4b04-88EB-625FBE52EBFB}</UniqueIdentifier>
      <Extensions>h;hpp;hxx;hm;inl;inc;xsd</Extensions>
    </Filter>
    <Filter Include="Resource Files">
      <UniqueIdentifier>{67DA6AB6-F800-4c08-8B7A-83BB121AAD01}</UniqueIdentifier>
      <Extensions>rc;ico;cur;bmp;dlg;rc2;rct;bin;rgs;gif;jpg;jpeg;jpe;resx</Extensions>
    </Filter>
  </ItemGroup>
  <ItemGroup>
    <ClCompile Include="Autostart.cpp">
      <Filter>Source Files</Filter>
    </ClCompile>
    <ClCompile Include="celltip.cpp">
      <Filter>Source Files</Filter>
    </ClCompile>
    <ClCompile Include="conversion.cpp">
      <Filter>Source Files</Filter>
    </ClCompile>
    <ClCompile Include="DatetimeHelper.cpp">
      <Filter>Source Files</Filter>
    </ClCompile>
    <ClCompile Include="drawutl.cpp">
      <Filter>Source Files</Filter>
    </ClCompile>
    <ClCompile Include="ExceptionHandler.cpp">
      <Filter>Source Files</Filter>
    </ClCompile>
    <ClCompile Include="GetWinVer.cpp">
      <Filter>Source Files</Filter>
    </ClCompile>
    <ClCompile Include="MiniVersion.cpp">
      <Filter>Source Files</Filter>
    </ClCompile>
    <ClCompile Include="OleHelper.cpp">
      <Filter>Source Files</Filter>
    </ClCompile>
    <ClCompile Include="RBaseSocket.cpp">
      <Filter>Source Files</Filter>
    </ClCompile>
    <ClCompile Include="RBtnWnd.cpp">
      <Filter>Source Files</Filter>
    </ClCompile>
    <ClCompile Include="RColorData.cpp">
      <Filter>Source Files</Filter>
    </ClCompile>
    <ClCompile Include="RColorDownData.cpp">
      <Filter>Source Files</Filter>
    </ClCompile>
    <ClCompile Include="RColorDownWnd.cpp">
      <Filter>Source Files</Filter>
    </ClCompile>
    <ClCompile Include="RColorWnd.cpp">
      <Filter>Source Files</Filter>
    </ClCompile>
    <ClCompile Include="rcommon.cpp">
      <Filter>Source Files</Filter>
    </ClCompile>
    <ClCompile Include="RCrypt.cpp">
      <Filter>Source Files</Filter>
    </ClCompile>
    <ClCompile Include="REmoDownWnd.cpp">
      <Filter>Source Files</Filter>
    </ClCompile>
    <ClCompile Include="REmoWnd.cpp">
      <Filter>Source Files</Filter>
    </ClCompile>
    <ClCompile Include="RGetHost.cpp">
      <Filter>Source Files</Filter>
    </ClCompile>
    <ClCompile Include="RGetService.cpp">
      <Filter>Source Files</Filter>
    </ClCompile>
    <ClCompile Include="RGetSocket.cpp">
      <Filter>Source Files</Filter>
    </ClCompile>
    <ClCompile Include="RHyperlinkWnd.cpp">
      <Filter>Source Files</Filter>
    </ClCompile>
    <ClCompile Include="rich.cpp">
      <Filter>Source Files</Filter>
    </ClCompile>
    <ClCompile Include="RKeyboard.cpp">
      <Filter>Source Files</Filter>
    </ClCompile>
    <ClCompile Include="RKeyWnd.cpp">
      <Filter>Source Files</Filter>
    </ClCompile>
    <ClCompile Include="RListCtrl.cpp">
      <Filter>Source Files</Filter>
    </ClCompile>
    <ClCompile Include="RListData.cpp">
      <Filter>Source Files</Filter>
    </ClCompile>
    <ClCompile Include="RMessageBox.cpp">
      <Filter>Source Files</Filter>
    </ClCompile>
    <ClCompile Include="RPinWnd.cpp">
      <Filter>Source Files</Filter>
    </ClCompile>
    <ClCompile Include="RRawWnd.cpp">
      <Filter>Source Files</Filter>
    </ClCompile>
    <ClCompile Include="RSplitterWnd.cpp">
      <Filter>Source Files</Filter>
    </ClCompile>
    <ClCompile Include="RTheme.cpp">
      <Filter>Source Files</Filter>
    </ClCompile>
    <ClCompile Include="RTipData.cpp">
      <Filter>Source Files</Filter>
    </ClCompile>
    <ClCompile Include="RTrackerWnd.cpp">
      <Filter>Source Files</Filter>
    </ClCompile>
    <ClCompile Include="stdafx.cpp">
      <Filter>Source Files</Filter>
    </ClCompile>
    <ClCompile Include="RSelectBitmap.cpp">
      <Filter>Source Files</Filter>
    </ClCompile>
  </ItemGroup>
  <ItemGroup>
    <ClInclude Include="Autostart.h">
      <Filter>Header Files</Filter>
    </ClInclude>
    <ClInclude Include="celltip.h">
      <Filter>Header Files</Filter>
    </ClInclude>
    <ClInclude Include="conversion.h">
      <Filter>Header Files</Filter>
    </ClInclude>
    <ClInclude Include="CrashFileNames.h">
      <Filter>Header Files</Filter>
    </ClInclude>
    <ClInclude Include="DatetimeHelper.h">
      <Filter>Header Files</Filter>
    </ClInclude>
    <ClInclude Include="DrawUtl.h">
      <Filter>Header Files</Filter>
    </ClInclude>
    <ClInclude Include="ExceptionHandler.h">
      <Filter>Header Files</Filter>
    </ClInclude>
    <ClInclude Include="GetWinVer.h">
      <Filter>Header Files</Filter>
    </ClInclude>
    <ClInclude Include="MiniVersion.h">
      <Filter>Header Files</Filter>
    </ClInclude>
    <ClInclude Include="OleHelper.h">
      <Filter>Header Files</Filter>
    </ClInclude>
    <ClInclude Include="RBaseSocket.h">
      <Filter>Header Files</Filter>
    </ClInclude>
    <ClInclude Include="RBtnWnd.h">
      <Filter>Header Files</Filter>
    </ClInclude>
    <ClInclude Include="RColorData.h">
      <Filter>Header Files</Filter>
    </ClInclude>
    <ClInclude Include="RColorDownData.h">
      <Filter>Header Files</Filter>
    </ClInclude>
    <ClInclude Include="RColorDownWnd.h">
      <Filter>Header Files</Filter>
    </ClInclude>
    <ClInclude Include="RColorWnd.h">
      <Filter>Header Files</Filter>
    </ClInclude>
    <ClInclude Include="rcommon.h">
      <Filter>Header Files</Filter>
    </ClInclude>
    <ClInclude Include="RCrypt.h">
      <Filter>Header Files</Filter>
    </ClInclude>
    <ClInclude Include="RDataBuf.h">
      <Filter>Header Files</Filter>
    </ClInclude>
    <ClInclude Include="RDynamicBuf.h">
      <Filter>Header Files</Filter>
    </ClInclude>
    <ClInclude Include="registry_value.h">
      <Filter>Header Files</Filter>
    </ClInclude>
    <ClInclude Include="REmoData.h">
      <Filter>Header Files</Filter>
    </ClInclude>
    <ClInclude Include="REmoDownWnd.h">
      <Filter>Header Files</Filter>
    </ClInclude>
    <ClInclude Include="REmoWnd.h">
      <Filter>Header Files</Filter>
    </ClInclude>
    <ClInclude Include="resource.h">
      <Filter>Header Files</Filter>
    </ClInclude>
    <ClInclude Include="RException.h">
      <Filter>Header Files</Filter>
    </ClInclude>
    <ClInclude Include="RGetHost.h">
      <Filter>Header Files</Filter>
    </ClInclude>
    <ClInclude Include="RGetService.h">
      <Filter>Header Files</Filter>
    </ClInclude>
    <ClInclude Include="RGetSocket.h">
      <Filter>Header Files</Filter>
    </ClInclude>
    <ClInclude Include="RHyperlinkWnd.h">
      <Filter>Header Files</Filter>
    </ClInclude>
    <ClInclude Include="rich.h">
      <Filter>Header Files</Filter>
    </ClInclude>
    <ClInclude Include="RKeyboard.h">
      <Filter>Header Files</Filter>
    </ClInclude>
    <ClInclude Include="RKeyData.h">
      <Filter>Header Files</Filter>
    </ClInclude>
    <ClInclude Include="RKeyWnd.h">
      <Filter>Header Files</Filter>
    </ClInclude>
    <ClInclude Include="RListCtrl.h">
      <Filter>Header Files</Filter>
    </ClInclude>
    <ClInclude Include="RListData.h">
      <Filter>Header Files</Filter>
    </ClInclude>
    <ClInclude Include="RMemDC.h">
      <Filter>Header Files</Filter>
    </ClInclude>
    <ClInclude Include="RMessageBox.h">
      <Filter>Header Files</Filter>
    </ClInclude>
    <ClInclude Include="RNotEnoughMemExc.h">
      <Filter>Header Files</Filter>
    </ClInclude>
    <ClInclude Include="RoundIter.h">
      <Filter>Header Files</Filter>
    </ClInclude>
    <ClInclude Include="ROwnExc.h">
      <Filter>Header Files</Filter>
    </ClInclude>
    <ClInclude Include="RPinData.h">
      <Filter>Header Files</Filter>
    </ClInclude>
    <ClInclude Include="RPinWnd.h">
      <Filter>Header Files</Filter>
    </ClInclude>
    <ClInclude Include="RRawWnd.h">
      <Filter>Header Files</Filter>
    </ClInclude>
    <ClInclude Include="rrc.h">
      <Filter>Header Files</Filter>
    </ClInclude>
    <ClInclude Include="RSplitterData.h">
      <Filter>Header Files</Filter>
    </ClInclude>
    <ClInclude Include="RSplitterWnd.h">
      <Filter>Header Files</Filter>
    </ClInclude>
    <ClInclude Include="rstddef.h">
      <Filter>Header Files</Filter>
    </ClInclude>
    <ClInclude Include="rstring.h">
      <Filter>Header Files</Filter>
    </ClInclude>
    <ClInclude Include="RSystemExc.h">
      <Filter>Header Files</Filter>
    </ClInclude>
    <ClInclude Include="RTheme.h">
      <Filter>Header Files</Filter>
    </ClInclude>
    <ClInclude Include="RTipData.h">
      <Filter>Header Files</Filter>
    </ClInclude>
    <ClInclude Include="RTrackerData.h">
      <Filter>Header Files</Filter>
    </ClInclude>
    <ClInclude Include="RTrackerWnd.h">
      <Filter>Header Files</Filter>
    </ClInclude>
    <ClInclude Include="stdafx.h">
      <Filter>Header Files</Filter>
    </ClInclude>
    <ClInclude Include="LanguageManager.h">
      <Filter>Header Files</Filter>
    </ClInclude>
    <ClInclude Include="targetver.h">
      <Filter>Header Files</Filter>
    </ClInclude>
    <ClInclude Include="IndexedMapVector.hpp">
      <Filter>Header Files</Filter>
    </ClInclude>
    <ClInclude Include="RSelectBitmap.h">
      <Filter>Header Files</Filter>
    </ClInclude>
  </ItemGroup>
  <ItemGroup>
    <Image Include="res\close.bmp">
      <Filter>Resource Files</Filter>
    </Image>
    <Image Include="res\cross.bmp">
      <Filter>Resource Files</Filter>
    </Image>
    <Image Include="res\Pin.bmp">
      <Filter>Resource Files</Filter>
    </Image>
  </ItemGroup>
  <ItemGroup>
    <ResourceCompile Include="rcommon.rc">
      <Filter>Resource Files</Filter>
    </ResourceCompile>
    <ResourceCompile Include="rcommon_en-uk.rc">
      <Filter>Resource Files</Filter>
    </ResourceCompile>
    <ResourceCompile Include="rcommon_pl-pl.rc">
      <Filter>Resource Files</Filter>
    </ResourceCompile>
  </ItemGroup>
  <ItemGroup>
    <None Include="res\Splith.cur">
      <Filter>Resource Files</Filter>
    </None>
    <None Include="res\Splitv.cur">
      <Filter>Resource Files</Filter>
    </None>
    <None Include="copy_h.bat" />
  </ItemGroup>
  <ItemGroup>
    <Text Include="ReadMe.txt" />
  </ItemGroup>
</Project>